
Microsoft Visual Studio Solution File, Format Version 12.00
# Visual Studio Version 17
VisualStudioVersion = 17.9.34728.123
MinimumVisualStudioVersion = 10.0.40219.1
Project("{FAE04EC0-301F-11D3-BF4B-00C04F79EFBC}") = "VaccineAPI", "VaccineAPI\VaccineAPI.csproj", "{CF94079E-C280-48F6-9E98-2ED0A7AA66A7}"
EndProject
Project("{FAE04EC0-301F-11D3-BF4B-00C04F79EFBC}") = "VaccineAPI.BusinessLogic", "VaccineAPI.BusinessLogic\VaccineAPI.BusinessLogic.csproj", "{6BD261AC-1019-4DAF-ACC2-60DE7D7E0117}"
EndProject
Project("{FAE04EC0-301F-11D3-BF4B-00C04F79EFBC}") = "VaccineAPI.Shared", "VaccineAPI.Shared\VaccineAPI.Shared.csproj", "{FC616AAE-44B2-4826-906B-860699417EA6}"
EndProject
Project("{FAE04EC0-301F-11D3-BF4B-00C04F79EFBC}") = "VaccineAPI.DataAccess", "VaccineAPI.DataAccess\VaccineAPI.DataAccess.csproj", "{259BCD73-7DF2-4393-BEDA-3F9C188C6D3B}"
EndProject
Global
	GlobalSection(SolutionConfigurationPlatforms) = preSolution
		Debug|Any CPU = Debug|Any CPU
		Release|Any CPU = Release|Any CPU
	EndGlobalSection
	GlobalSection(ProjectConfigurationPlatforms) = postSolution
		{CF94079E-C280-48F6-9E98-2ED0A7AA66A7}.Debug|Any CPU.ActiveCfg = Debug|Any CPU
		{CF94079E-C280-48F6-9E98-2ED0A7AA66A7}.Debug|Any CPU.Build.0 = Debug|Any CPU
		{CF94079E-C280-48F6-9E98-2ED0A7AA66A7}.Release|Any CPU.ActiveCfg = Release|Any CPU
		{CF94079E-C280-48F6-9E98-2ED0A7AA66A7}.Release|Any CPU.Build.0 = Release|Any CPU
		{6BD261AC-1019-4DAF-ACC2-60DE7D7E0117}.Debug|Any CPU.ActiveCfg = Debug|Any CPU
		{6BD261AC-1019-4DAF-ACC2-60DE7D7E0117}.Debug|Any CPU.Build.0 = Debug|Any CPU
		{6BD261AC-1019-4DAF-ACC2-60DE7D7E0117}.Release|Any CPU.ActiveCfg = Release|Any CPU
		{6BD261AC-1019-4DAF-ACC2-60DE7D7E0117}.Release|Any CPU.Build.0 = Release|Any CPU
		{FC616AAE-44B2-4826-906B-860699417EA6}.Debug|Any CPU.ActiveCfg = Debug|Any CPU
		{FC616AAE-44B2-4826-906B-860699417EA6}.Debug|Any CPU.Build.0 = Debug|Any CPU
		{FC616AAE-44B2-4826-906B-860699417EA6}.Release|Any CPU.ActiveCfg = Release|Any CPU
		{FC616AAE-44B2-4826-906B-860699417EA6}.Release|Any CPU.Build.0 = Release|Any CPU
		{259BCD73-7DF2-4393-BEDA-3F9C188C6D3B}.Debug|Any CPU.ActiveCfg = Debug|Any CPU
		{259BCD73-7DF2-4393-BEDA-3F9C188C6D3B}.Debug|Any CPU.Build.0 = Debug|Any CPU
		{259BCD73-7DF2-4393-BEDA-3F9C188C6D3B}.Release|Any CPU.ActiveCfg = Release|Any CPU
		{259BCD73-7DF2-4393-BEDA-3F9C188C6D3B}.Release|Any CPU.Build.0 = Release|Any CPU
	EndGlobalSection
	GlobalSection(SolutionProperties) = preSolution
		HideSolutionNode = FALSE
	EndGlobalSection
	GlobalSection(ExtensibilityGlobals) = postSolution
		SolutionGuid = {27C64125-62B1-4AF4-B570-27C5D92C4D3E}
	EndGlobalSection
EndGlobal
